
Microsoft Visual Studio Solution File, Format Version 12.00
# Visual Studio 15
VisualStudioVersion = 15.0.27428.2043
MinimumVisualStudioVersion = 10.0.40219.1
Project("{FAE04EC0-301F-11D3-BF4B-00C04F79EFBC}") = "WindowsServiceBluetooth.Service", "WindowsServiceBluetooth\WindowsServiceBluetooth.Service.csproj", "{69A8FE96-1CB1-432B-9B78-58D88E7E59E5}"
EndProject
Project("{FAE04EC0-301F-11D3-BF4B-00C04F79EFBC}") = "WindowsServiceBluetooth.Client", "WindowsServiceBluetooth.Client\WindowsServiceBluetooth.Client.csproj", "{9226D7F1-6129-4913-AA4C-6F3CE9E4F3B9}"
EndProject
Project("{FAE04EC0-301F-11D3-BF4B-00C04F79EFBC}") = "WindowsServiceBluetooth.Core", "WindowsServiceBluetooth.Core\WindowsServiceBluetooth.Core.csproj", "{D40C2CB5-6529-4022-BD30-E030C9AEA3E5}"
EndProject
Global
	GlobalSection(SolutionConfigurationPlatforms) = preSolution
		Debug|Any CPU = Debug|Any CPU
		Release|Any CPU = Release|Any CPU
	EndGlobalSection
	GlobalSection(ProjectConfigurationPlatforms) = postSolution
		{69A8FE96-1CB1-432B-9B78-58D88E7E59E5}.Debug|Any CPU.ActiveCfg = Debug|Any CPU
		{69A8FE96-1CB1-432B-9B78-58D88E7E59E5}.Debug|Any CPU.Build.0 = Debug|Any CPU
		{69A8FE96-1CB1-432B-9B78-58D88E7E59E5}.Release|Any CPU.ActiveCfg = Release|Any CPU
		{69A8FE96-1CB1-432B-9B78-58D88E7E59E5}.Release|Any CPU.Build.0 = Release|Any CPU
		{9226D7F1-6129-4913-AA4C-6F3CE9E4F3B9}.Debug|Any CPU.ActiveCfg = Debug|Any CPU
		{9226D7F1-6129-4913-AA4C-6F3CE9E4F3B9}.Debug|Any CPU.Build.0 = Debug|Any CPU
		{9226D7F1-6129-4913-AA4C-6F3CE9E4F3B9}.Release|Any CPU.ActiveCfg = Release|Any CPU
		{9226D7F1-6129-4913-AA4C-6F3CE9E4F3B9}.Release|Any CPU.Build.0 = Release|Any CPU
		{D40C2CB5-6529-4022-BD30-E030C9AEA3E5}.Debug|Any CPU.ActiveCfg = Debug|Any CPU
		{D40C2CB5-6529-4022-BD30-E030C9AEA3E5}.Debug|Any CPU.Build.0 = Debug|Any CPU
		{D40C2CB5-6529-4022-BD30-E030C9AEA3E5}.Release|Any CPU.ActiveCfg = Release|Any CPU
		{D40C2CB5-6529-4022-BD30-E030C9AEA3E5}.Release|Any CPU.Build.0 = Release|Any CPU
	EndGlobalSection
	GlobalSection(SolutionProperties) = preSolution
		HideSolutionNode = FALSE
	EndGlobalSection
	GlobalSection(ExtensibilityGlobals) = postSolution
		SolutionGuid = {9783CB7B-1F95-4E43-A8B2-DB45736B8B4B}
	EndGlobalSection
EndGlobal
